PODS:
  - Capacitor (7.4.3):
    - CapacitorCordova
  - CapacitorCommunitySpeechRecognition (7.0.1):
    - Capacitor
  - CapacitorCordova (7.4.3)
  - PurchasesHybridCommon (17.6.0):
    - RevenueCat (= 5.38.2)
  - RevenueCat (5.38.2)
  - RevenuecatPurchasesCapacitor (11.2.1):
    - Capacitor
    - PurchasesHybridCommon (= 17.6.0)

DEPENDENCIES:
  - "Capacitor (from `../../node_modules/@capacitor/ios`)"
  - "CapacitorCommunitySpeechRecognition (from `../../node_modules/@capacitor-community/speech-recognition`)"
  - "CapacitorCordova (from `../../node_modules/@capacitor/ios`)"
  - "RevenuecatPurchasesCapacitor (from `../../node_modules/@revenuecat/purchases-capacitor`)"

SPEC REPOS:
  trunk:
    - PurchasesHybridCommon
    - RevenueCat

EXTERNAL SOURCES:
  Capacitor:
    :path: "../../node_modules/@capacitor/ios"
  CapacitorCommunitySpeechRecognition:
    :path: "../../node_modules/@capacitor-community/speech-recognition"
  CapacitorCordova:
    :path: "../../node_modules/@capacitor/ios"
  RevenuecatPurchasesCapacitor:
    :path: "../../node_modules/@revenuecat/purchases-capacitor"

SPEC CHECKSUMS:
  Capacitor: 28d6c01026a9a3f7156529498ec1f389a2a28dbc
  CapacitorCommunitySpeechRecognition: 3e03566c44c2bb3b52391a33d4518b1adbdeb38f
  CapacitorCordova: 435121e81a2df4d0034f0fb11fcefab5104cfdb5
  PurchasesHybridCommon: 3e27aec7bccba3d3d34cd66a7033ba9b268caa5e
  RevenueCat: f6b7c7e55f548a2bf304a3abbed0cc2447364427
  RevenuecatPurchasesCapacitor: c1a8efe0e1ae92085010a4ce16b7bfe23860ea04

PODFILE CHECKSUM: 85757f41b9e139d43b54c5a9d9f03bdbafe4c441

COCOAPODS: 1.16.2
